{
  "name": "homogeneous-transformations",
  "version": "1.0.0",
  "lockfileVersion": 1,
  "requires": true,
  "dependencies": {
    "elementary-rotations": {
      "version": "git+https://github.com/PeterTadich/elementary-rotations.git#faa92c762e44061c3995a4e45a050b680e8cbcd5",
      "requires": {
        "matlab-javascript": "git+https://github.com/PeterTadich/matlab-javascript.git#1e9e1566a29d4c4c33adf8412a192b7f45e40ec5",
        "matrix-computations": "git+https://github.com/PeterTadich/matrix-computations.git#331f4b46b59b2dc761ce4f4a2c05c662d1e0150c"
      }
    },
    "matlab-javascript": {
      "version": "git+https://github.com/PeterTadich/matlab-javascript.git#1e9e1566a29d4c4c33adf8412a192b7f45e40ec5",
      "requires": {
        "matrix-computations": "git+https://github.com/PeterTadich/matrix-computations.git#331f4b46b59b2dc761ce4f4a2c05c662d1e0150c"
      }
    },
    "matrix-computations": {
      "version": "git+https://github.com/PeterTadich/matrix-computations.git#331f4b46b59b2dc761ce4f4a2c05c662d1e0150c"
    },
    "quaternions": {
      "version": "git+https://github.com/PeterTadich/quaternions.git#abc8b3a6218460c15557c01e848fae0d9341c6a6",
      "requires": {
        "matrix-computations": "git+https://github.com/PeterTadich/matrix-computations.git#331f4b46b59b2dc761ce4f4a2c05c662d1e0150c"
      },
      "dependencies": {
        "matrix-computations": {
          "version": "git+https://github.com/PeterTadich/matrix-computations.git#331f4b46b59b2dc761ce4f4a2c05c662d1e0150c"
        }
      }
    }
  }
}
